
Microsoft Visual Studio Solution File, Format Version 12.00
# Visual Studio Version 16
VisualStudioVersion = 16.0.31313.79
MinimumVisualStudioVersion = 10.0.40219.1
Project("{9A19103F-16F7-4668-BE54-9A1E7A4F7556}") = "WEBAPI.API", "WEBAPI.API\WEBAPI.API.csproj", "{C100A33C-D205-4DA2-9FD1-A552A819A9A6}"
EndProject
Project("{9A19103F-16F7-4668-BE54-9A1E7A4F7556}") = "WEBAPI.DTO", "WEBAPI.DTO\WEBAPI.DTO.csproj", "{6CEE25EC-D746-4BA3-9E59-B5C05518B10A}"
EndProject
Project("{9A19103F-16F7-4668-BE54-9A1E7A4F7556}") = "WEBAPI.INTERFACE", "WEBAPI.INTERFACE\WEBAPI.INTERFACE.csproj", "{C93F3A0D-B7F6-412B-85EF-7599A8A220C8}"
EndProject
Project("{9A19103F-16F7-4668-BE54-9A1E7A4F7556}") = "WEBAPI.MODELS", "WEBAPI.MODELS\WEBAPI.MODELS.csproj", "{1BD3B393-1A90-43B3-9C02-3932D97CCBBF}"
EndProject
Project("{9A19103F-16F7-4668-BE54-9A1E7A4F7556}") = "WEBAPI.REPOSITORY", "WEBAPI.REPOSITORY\WEBAPI.REPOSITORY.csproj", "{6188C758-BE1C-4CE6-9E64-89DBC3C6836D}"
EndProject
Project("{9A19103F-16F7-4668-BE54-9A1E7A4F7556}") = "WEBAPI.SERVICE", "WEBAPI.SERVICE\WEBAPI.SERVICE.csproj", "{0234DA65-9592-470B-A2C8-A29982A93B58}"
EndProject
Global
	GlobalSection(SolutionConfigurationPlatforms) = preSolution
		Debug|Any CPU = Debug|Any CPU
		Release|Any CPU = Release|Any CPU
	EndGlobalSection
	GlobalSection(ProjectConfigurationPlatforms) = postSolution
		{C100A33C-D205-4DA2-9FD1-A552A819A9A6}.Debug|Any CPU.ActiveCfg = Debug|Any CPU
		{C100A33C-D205-4DA2-9FD1-A552A819A9A6}.Debug|Any CPU.Build.0 = Debug|Any CPU
		{C100A33C-D205-4DA2-9FD1-A552A819A9A6}.Release|Any CPU.ActiveCfg = Release|Any CPU
		{C100A33C-D205-4DA2-9FD1-A552A819A9A6}.Release|Any CPU.Build.0 = Release|Any CPU
		{6CEE25EC-D746-4BA3-9E59-B5C05518B10A}.Debug|Any CPU.ActiveCfg = Debug|Any CPU
		{6CEE25EC-D746-4BA3-9E59-B5C05518B10A}.Debug|Any CPU.Build.0 = Debug|Any CPU
		{6CEE25EC-D746-4BA3-9E59-B5C05518B10A}.Release|Any CPU.ActiveCfg = Release|Any CPU
		{6CEE25EC-D746-4BA3-9E59-B5C05518B10A}.Release|Any CPU.Build.0 = Release|Any CPU
		{C93F3A0D-B7F6-412B-85EF-7599A8A220C8}.Debug|Any CPU.ActiveCfg = Debug|Any CPU
		{C93F3A0D-B7F6-412B-85EF-7599A8A220C8}.Debug|Any CPU.Build.0 = Debug|Any CPU
		{C93F3A0D-B7F6-412B-85EF-7599A8A220C8}.Release|Any CPU.ActiveCfg = Release|Any CPU
		{C93F3A0D-B7F6-412B-85EF-7599A8A220C8}.Release|Any CPU.Build.0 = Release|Any CPU
		{1BD3B393-1A90-43B3-9C02-3932D97CCBBF}.Debug|Any CPU.ActiveCfg = Debug|Any CPU
		{1BD3B393-1A90-43B3-9C02-3932D97CCBBF}.Debug|Any CPU.Build.0 = Debug|Any CPU
		{1BD3B393-1A90-43B3-9C02-3932D97CCBBF}.Release|Any CPU.ActiveCfg = Release|Any CPU
		{1BD3B393-1A90-43B3-9C02-3932D97CCBBF}.Release|Any CPU.Build.0 = Release|Any CPU
		{6188C758-BE1C-4CE6-9E64-89DBC3C6836D}.Debug|Any CPU.ActiveCfg = Debug|Any CPU
		{6188C758-BE1C-4CE6-9E64-89DBC3C6836D}.Debug|Any CPU.Build.0 = Debug|Any CPU
		{6188C758-BE1C-4CE6-9E64-89DBC3C6836D}.Release|Any CPU.ActiveCfg = Release|Any CPU
		{6188C758-BE1C-4CE6-9E64-89DBC3C6836D}.Release|Any CPU.Build.0 = Release|Any CPU
		{0234DA65-9592-470B-A2C8-A29982A93B58}.Debug|Any CPU.ActiveCfg = Debug|Any CPU
		{0234DA65-9592-470B-A2C8-A29982A93B58}.Debug|Any CPU.Build.0 = Debug|Any CPU
		{0234DA65-9592-470B-A2C8-A29982A93B58}.Release|Any CPU.ActiveCfg = Release|Any CPU
		{0234DA65-9592-470B-A2C8-A29982A93B58}.Release|Any CPU.Build.0 = Release|Any CPU
	EndGlobalSection
	GlobalSection(SolutionProperties) = preSolution
		HideSolutionNode = FALSE
	EndGlobalSection
	GlobalSection(ExtensibilityGlobals) = postSolution
		SolutionGuid = {C8A24C6B-ECC5-44D1-BE8D-B4AE4EE7908A}
	EndGlobalSection
EndGlobal
